
Microsoft Visual Studio Solution File, Format Version 12.00
# Visual Studio Version 17
VisualStudioVersion = 17.9.34723.18
MinimumVisualStudioVersion = 10.0.40219.1
Project("{FAE04EC0-301F-11D3-BF4B-00C04F79EFBC}") = "ValueTypeMaxMinValues", "ValueTypeMaxMinValues.csproj", "{B340FBC6-BCD2-4CB4-9D12-296887BA9C8E}"
EndProject
Global
	GlobalSection(SolutionConfigurationPlatforms) = preSolution
		Debug|Any CPU = Debug|Any CPU
		Release|Any CPU = Release|Any CPU
	EndGlobalSection
	GlobalSection(ProjectConfigurationPlatforms) = postSolution
		{B340FBC6-BCD2-4CB4-9D12-296887BA9C8E}.Debug|Any CPU.ActiveCfg = Debug|Any CPU
		{B340FBC6-BCD2-4CB4-9D12-296887BA9C8E}.Debug|Any CPU.Build.0 = Debug|Any CPU
		{B340FBC6-BCD2-4CB4-9D12-296887BA9C8E}.Release|Any CPU.ActiveCfg = Release|Any CPU
		{B340FBC6-BCD2-4CB4-9D12-296887BA9C8E}.Release|Any CPU.Build.0 = Release|Any CPU
	EndGlobalSection
	GlobalSection(SolutionProperties) = preSolution
		HideSolutionNode = FALSE
	EndGlobalSection
	GlobalSection(ExtensibilityGlobals) = postSolution
		SolutionGuid = {A86C6340-8C52-4B57-8E33-89675CDECF62}
	EndGlobalSection
EndGlobal
